<?xml version="1.0" encoding="UTF-8" standalone="yes" ?>
<CodeBlocks_project_file>
	<FileVersion major="1" minor="6" />
	<Project>
		<Option title="RipOff" />
		<Option pch_mode="2" />
		<Option compiler="gcc" />
		<Build>
			<Target title="Debug">
				<Option output="bin/Debug/RipOff" prefix_auto="1" extension_auto="1" />
				<Option object_output="obj/Debug/" />
				<Option type="1" />
				<Option compiler="gcc" />
				<Compiler>
					<Add option="-g" />
				</Compiler>
			</Target>
			<Target title="Release">
				<Option output="bin/Release/RipOff" prefix_auto="1" extension_auto="1" />
				<Option object_output="obj/Release/" />
				<Option type="1" />
				<Option compiler="gcc" />
				<Compiler>
					<Add option="-O2" />
				</Compiler>
				<Linker>
					<Add option="-s" />
				</Linker>
			</Target>
		</Build>
		<Compiler>
			<Add option="-Wall" />
			<Add option="-fexceptions" />
		</Compiler>
		<Unit filename="a_map.cpp" />
		<Unit filename="b_bots.cpp" />
		<Unit filename="f_text.cpp" />
		<Unit filename="f_text.h" />
		<Unit filename="g_main.cpp" />
		<Unit filename="n_net.cpp" />
		<Unit filename="o_things.cpp" />
		<Unit filename="o_things.h" />
		<Unit filename="p_cmdl.cpp" />
		<Unit filename="p_cmdl.h" />
		<Unit filename="r_random.cpp" />
		<Unit filename="r_random.h" />
		<Unit filename="s_sound.cpp" />
		<Unit filename="v_draw.cpp" />
		<Extensions>
			<code_completion />
			<debugger />
		</Extensions>
	</Project>
</CodeBlocks_project_file>
